
Microsoft Visual Studio Solution File, Format Version 12.00
# Visual Studio Version 17
VisualStudioVersion = 17.10.34902.84
MinimumVisualStudioVersion = 10.0.40219.1
Project("{9A19103F-16F7-4668-BE54-9A1E7A4F7556}") = "CBDSerialTerm", "CBDSerialTerm\CBDSerialTerm.csproj", "{3D513C65-2761-40D7-B1B4-0024A307DF4D}"
EndProject
Project("{9A19103F-16F7-4668-BE54-9A1E7A4F7556}") = "CBDSerialLib", "CBDSerialLib\CBDSerialLib.csproj", "{C5ADE04A-BA94-43F6-AF87-81CC6C01DC17}"
EndProject
Project("{C7167F0D-BC9F-4E6E-AFE1-012C56B48DB5}") = "CBDWAP", "CBDWAP\CBDWAP.wapproj", "{A3A55D36-D79C-4512-94EA-B61251D57AA3}"
EndProject
Global
	GlobalSection(SolutionConfigurationPlatforms) = preSolution
		Debug|Any CPU = Debug|Any CPU
		Debug|ARM = Debug|ARM
		Debug|ARM64 = Debug|ARM64
		Debug|x64 = Debug|x64
		Debug|x86 = Debug|x86
		Release|Any CPU = Release|Any CPU
		Release|ARM = Release|ARM
		Release|ARM64 = Release|ARM64
		Release|x64 = Release|x64
		Release|x86 = Release|x86
	EndGlobalSection
	GlobalSection(ProjectConfigurationPlatforms) = postSolution
		{3D513C65-2761-40D7-B1B4-0024A307DF4D}.Debug|Any CPU.ActiveCfg = Debug|Any CPU
		{3D513C65-2761-40D7-B1B4-0024A307DF4D}.Debug|Any CPU.Build.0 = Debug|Any CPU
		{3D513C65-2761-40D7-B1B4-0024A307DF4D}.Debug|ARM.ActiveCfg = Debug|Any CPU
		{3D513C65-2761-40D7-B1B4-0024A307DF4D}.Debug|ARM.Build.0 = Debug|Any CPU
		{3D513C65-2761-40D7-B1B4-0024A307DF4D}.Debug|ARM64.ActiveCfg = Debug|Any CPU
		{3D513C65-2761-40D7-B1B4-0024A307DF4D}.Debug|ARM64.Build.0 = Debug|Any CPU
		{3D513C65-2761-40D7-B1B4-0024A307DF4D}.Debug|x64.ActiveCfg = Debug|Any CPU
		{3D513C65-2761-40D7-B1B4-0024A307DF4D}.Debug|x64.Build.0 = Debug|Any CPU
		{3D513C65-2761-40D7-B1B4-0024A307DF4D}.Debug|x86.ActiveCfg = Debug|Any CPU
		{3D513C65-2761-40D7-B1B4-0024A307DF4D}.Debug|x86.Build.0 = Debug|Any CPU
		{3D513C65-2761-40D7-B1B4-0024A307DF4D}.Release|Any CPU.ActiveCfg = Release|Any CPU
		{3D513C65-2761-40D7-B1B4-0024A307DF4D}.Release|Any CPU.Build.0 = Release|Any CPU
		{3D513C65-2761-40D7-B1B4-0024A307DF4D}.Release|ARM.ActiveCfg = Release|Any CPU
		{3D513C65-2761-40D7-B1B4-0024A307DF4D}.Release|ARM.Build.0 = Release|Any CPU
		{3D513C65-2761-40D7-B1B4-0024A307DF4D}.Release|ARM64.ActiveCfg = Release|Any CPU
		{3D513C65-2761-40D7-B1B4-0024A307DF4D}.Release|ARM64.Build.0 = Release|Any CPU
		{3D513C65-2761-40D7-B1B4-0024A307DF4D}.Release|x64.ActiveCfg = Release|Any CPU
		{3D513C65-2761-40D7-B1B4-0024A307DF4D}.Release|x64.Build.0 = Release|Any CPU
		{3D513C65-2761-40D7-B1B4-0024A307DF4D}.Release|x86.ActiveCfg = Release|Any CPU
		{3D513C65-2761-40D7-B1B4-0024A307DF4D}.Release|x86.Build.0 = Release|Any CPU
		{C5ADE04A-BA94-43F6-AF87-81CC6C01DC17}.Debug|Any CPU.ActiveCfg = Debug|Any CPU
		{C5ADE04A-BA94-43F6-AF87-81CC6C01DC17}.Debug|Any CPU.Build.0 = Debug|Any CPU
		{C5ADE04A-BA94-43F6-AF87-81CC6C01DC17}.Debug|ARM.ActiveCfg = Debug|Any CPU
		{C5ADE04A-BA94-43F6-AF87-81CC6C01DC17}.Debug|ARM.Build.0 = Debug|Any CPU
		{C5ADE04A-BA94-43F6-AF87-81CC6C01DC17}.Debug|ARM64.ActiveCfg = Debug|Any CPU
		{C5ADE04A-BA94-43F6-AF87-81CC6C01DC17}.Debug|ARM64.Build.0 = Debug|Any CPU
		{C5ADE04A-BA94-43F6-AF87-81CC6C01DC17}.Debug|x64.ActiveCfg = Debug|Any CPU
		{C5ADE04A-BA94-43F6-AF87-81CC6C01DC17}.Debug|x64.Build.0 = Debug|Any CPU
		{C5ADE04A-BA94-43F6-AF87-81CC6C01DC17}.Debug|x86.ActiveCfg = Debug|Any CPU
		{C5ADE04A-BA94-43F6-AF87-81CC6C01DC17}.Debug|x86.Build.0 = Debug|Any CPU
		{C5ADE04A-BA94-43F6-AF87-81CC6C01DC17}.Release|Any CPU.ActiveCfg = Release|Any CPU
		{C5ADE04A-BA94-43F6-AF87-81CC6C01DC17}.Release|Any CPU.Build.0 = Release|Any CPU
		{C5ADE04A-BA94-43F6-AF87-81CC6C01DC17}.Release|ARM.ActiveCfg = Release|Any CPU
		{C5ADE04A-BA94-43F6-AF87-81CC6C01DC17}.Release|ARM.Build.0 = Release|Any CPU
		{C5ADE04A-BA94-43F6-AF87-81CC6C01DC17}.Release|ARM64.ActiveCfg = Release|Any CPU
		{C5ADE04A-BA94-43F6-AF87-81CC6C01DC17}.Release|ARM64.Build.0 = Release|Any CPU
		{C5ADE04A-BA94-43F6-AF87-81CC6C01DC17}.Release|x64.ActiveCfg = Release|Any CPU
		{C5ADE04A-BA94-43F6-AF87-81CC6C01DC17}.Release|x64.Build.0 = Release|Any CPU
		{C5ADE04A-BA94-43F6-AF87-81CC6C01DC17}.Release|x86.ActiveCfg = Release|Any CPU
		{C5ADE04A-BA94-43F6-AF87-81CC6C01DC17}.Release|x86.Build.0 = Release|Any CPU
		{A3A55D36-D79C-4512-94EA-B61251D57AA3}.Debug|Any CPU.ActiveCfg = Debug|Any CPU
		{A3A55D36-D79C-4512-94EA-B61251D57AA3}.Debug|Any CPU.Build.0 = Debug|Any CPU
		{A3A55D36-D79C-4512-94EA-B61251D57AA3}.Debug|Any CPU.Deploy.0 = Debug|Any CPU
		{A3A55D36-D79C-4512-94EA-B61251D57AA3}.Debug|ARM.ActiveCfg = Debug|ARM
		{A3A55D36-D79C-4512-94EA-B61251D57AA3}.Debug|ARM.Build.0 = Debug|ARM
		{A3A55D36-D79C-4512-94EA-B61251D57AA3}.Debug|ARM.Deploy.0 = Debug|ARM
		{A3A55D36-D79C-4512-94EA-B61251D57AA3}.Debug|ARM64.ActiveCfg = Debug|ARM64
		{A3A55D36-D79C-4512-94EA-B61251D57AA3}.Debug|ARM64.Build.0 = Debug|ARM64
		{A3A55D36-D79C-4512-94EA-B61251D57AA3}.Debug|ARM64.Deploy.0 = Debug|ARM64
		{A3A55D36-D79C-4512-94EA-B61251D57AA3}.Debug|x64.ActiveCfg = Debug|x64
		{A3A55D36-D79C-4512-94EA-B61251D57AA3}.Debug|x64.Build.0 = Debug|x64
		{A3A55D36-D79C-4512-94EA-B61251D57AA3}.Debug|x64.Deploy.0 = Debug|x64
		{A3A55D36-D79C-4512-94EA-B61251D57AA3}.Debug|x86.ActiveCfg = Debug|x86
		{A3A55D36-D79C-4512-94EA-B61251D57AA3}.Debug|x86.Build.0 = Debug|x86
		{A3A55D36-D79C-4512-94EA-B61251D57AA3}.Debug|x86.Deploy.0 = Debug|x86
		{A3A55D36-D79C-4512-94EA-B61251D57AA3}.Release|Any CPU.ActiveCfg = Release|Any CPU
		{A3A55D36-D79C-4512-94EA-B61251D57AA3}.Release|Any CPU.Build.0 = Release|Any CPU
		{A3A55D36-D79C-4512-94EA-B61251D57AA3}.Release|Any CPU.Deploy.0 = Release|Any CPU
		{A3A55D36-D79C-4512-94EA-B61251D57AA3}.Release|ARM.ActiveCfg = Release|ARM
		{A3A55D36-D79C-4512-94EA-B61251D57AA3}.Release|ARM.Build.0 = Release|ARM
		{A3A55D36-D79C-4512-94EA-B61251D57AA3}.Release|ARM.Deploy.0 = Release|ARM
		{A3A55D36-D79C-4512-94EA-B61251D57AA3}.Release|ARM64.ActiveCfg = Release|ARM64
		{A3A55D36-D79C-4512-94EA-B61251D57AA3}.Release|ARM64.Build.0 = Release|ARM64
		{A3A55D36-D79C-4512-94EA-B61251D57AA3}.Release|ARM64.Deploy.0 = Release|ARM64
		{A3A55D36-D79C-4512-94EA-B61251D57AA3}.Release|x64.ActiveCfg = Release|x64
		{A3A55D36-D79C-4512-94EA-B61251D57AA3}.Release|x64.Build.0 = Release|x64
		{A3A55D36-D79C-4512-94EA-B61251D57AA3}.Release|x64.Deploy.0 = Release|x64
		{A3A55D36-D79C-4512-94EA-B61251D57AA3}.Release|x86.ActiveCfg = Release|x86
		{A3A55D36-D79C-4512-94EA-B61251D57AA3}.Release|x86.Build.0 = Release|x86
		{A3A55D36-D79C-4512-94EA-B61251D57AA3}.Release|x86.Deploy.0 = Release|x86
	EndGlobalSection
	GlobalSection(SolutionProperties) = preSolution
		HideSolutionNode = FALSE
	EndGlobalSection
	GlobalSection(ExtensibilityGlobals) = postSolution
		SolutionGuid = {9CBED1C0-F1CB-4BF5-9238-99C9D4477FEB}
	EndGlobalSection
EndGlobal
